{
  "name": "vscode.2ndlab.eu.org",
  "version": "0.0.1",
  "lockfileVersion": 3,
  "requires": true,
  "packages": {
    "": {
      "name": "vscode.2ndlab.eu.org",
      "version": "0.0.1",
      "dependencies": {
        "@nanostores/persistent": "^0.9.1",
        "@types/animejs": "^3.1.12",
        "animejs": "^3.2.2",
        "astro": "^4.0.7",
        "nanostores": "^0.9.5",
        "solid-js": "^1.8.7"
      },
      "devDependencies": {
        "@astrojs/check": "^0.3.4",
        "@astrojs/solid-js": "^3.0.2",
        "@astrojs/tailwind": "^5.0.4",
        "@vite-pwa/assets-generator": "^0.1.0",
        "@vite-pwa/astro": "^0.2.0",
        "daisyui": "^4.4.23",
        "tailwindcss": "^3.4.0",
        "typescript": "^5.3.3",
        "vite-plugin-pwa": "^0.17.4",
        "workbox-window": "^7.0.0"
      }
    },
    "../../node_modules/.pnpm/@astrojs+check@0.3.4_prettier@3.1.0_typescript@5.3.3/node_modules/@astrojs/check": {
      "version": "0.3.4",
      "dev": true,
      "license": "MIT",
      "dependencies": {
        "@astrojs/language-server": "^2.5.5",
        "chokidar": "^3.5.3",
        "fast-glob": "^3.3.1",
        "kleur": "^4.1.5",
        "yargs": "^17.7.2"
      },
      "bin": {
        "astro-check": "dist/bin.js"
      },
      "devDependencies": {
        "@types/chai": "^4.3.5",
        "@types/mocha": "^10.0.1",
        "@types/node": "^18.17.8",
        "@types/yargs": "^17.0.24",
        "chai": "^4.3.7",
        "mocha": "^10.2.0",
        "tsx": "^3.12.7"
      },
      "peerDependencies": {
        "typescript": "^5.0.0"
      }
    },
    "../../node_modules/.pnpm/@astrojs+solid-js@3.0.2_solid-js@1.8.7_vite@5.0.10/node_modules/@astrojs/solid-js": {
      "version": "3.0.2",
      "dev": true,
      "license": "MIT",
      "dependencies": {
        "vite-plugin-solid": "^2.7.0"
      },
      "devDependencies": {
        "astro": "3.2.3",
        "astro-scripts": "0.0.14",
        "solid-js": "^1.7.11"
      },
      "engines": {
        "node": ">=18.14.1"
      },
      "peerDependencies": {
        "solid-js": "^1.4.3"
      }
    },
    "../../node_modules/.pnpm/@astrojs+tailwind@5.0.4_astro@4.0.7_tailwindcss@3.4.0/node_modules/@astrojs/tailwind": {
      "version": "5.0.4",
      "dev": true,
      "license": "MIT",
      "dependencies": {
        "autoprefixer": "^10.4.15",
        "postcss": "^8.4.28",
        "postcss-load-config": "^4.0.2"
      },
      "devDependencies": {
        "astro": "4.0.7",
        "astro-scripts": "0.0.14",
        "tailwindcss": "^3.3.5",
        "vite": "^5.0.10"
      },
      "peerDependencies": {
        "astro": "^3.0.0 || ^4.0.0",
        "tailwindcss": "^3.0.24"
      }
    },
    "../../node_modules/.pnpm/@nanostores+persistent@0.9.1_nanostores@0.9.5/node_modules/@nanostores/persistent": {
      "version": "0.9.1",
      "funding": [
        {
          "type": "github",
          "url": "https://github.com/sponsors/ai"
        }
      ],
      "license": "MIT",
      "engines": {
        "node": "^16.0.0 || ^18.0.0 || >=20.0.0"
      },
      "peerDependencies": {
        "nanostores": "^0.9.0"
      }
    },
    "../../node_modules/.pnpm/@vite-pwa+assets-generator@0.1.0/node_modules/@vite-pwa/assets-generator": {
      "version": "0.1.0",
      "dev": true,
      "license": "MIT",
      "dependencies": {
        "cac": "^6.7.14",
        "colorette": "^2.0.20",
        "consola": "^3.2.3",
        "sharp": "^0.32.6",
        "sharp-ico": "^0.1.5",
        "unconfig": "^0.3.11"
      },
      "bin": {
        "pwa-assets-generator": "bin/pwa-assets-generator.mjs"
      },
      "devDependencies": {
        "@antfu/eslint-config": "^0.43.1",
        "@antfu/ni": "^0.21.12",
        "@types/debug": "^4.1.12",
        "@types/node": "^18.17.15",
        "bumpp": "^9.2.0",
        "eslint": "^8.53.0",
        "esno": "^4.0.0",
        "typescript": "^5.3.3",
        "unbuild": "^2.0.0",
        "vitest": "^1.0.4"
      },
      "engines": {
        "node": ">=16.14.0"
      },
      "funding": {
        "url": "https://github.com/sponsors/antfu"
      }
    },
    "../../node_modules/.pnpm/@vite-pwa+astro@0.2.0_astro@4.0.7_vite-plugin-pwa@0.17.4/node_modules/@vite-pwa/astro": {
      "version": "0.2.0",
      "dev": true,
      "license": "MIT",
      "dependencies": {
        "vite-plugin-pwa": ">=0.17.3 <1"
      },
      "devDependencies": {
        "@antfu/eslint-config": "^0.43.1",
        "@antfu/ni": "^0.21.12",
        "@types/debug": "^4.1.8",
        "@types/node": "^20.8.7",
        "@typescript-eslint/eslint-plugin": "^6.13.1",
        "astro": "^4.0.1",
        "bumpp": "^9.2.0",
        "eslint": "^8.54.0",
        "esno": "^4.0.0",
        "https-localhost": "^4.7.1",
        "typescript": "^5.3.2",
        "unbuild": "^2.0.0",
        "vite": "^5.0.0"
      },
      "funding": {
        "url": "https://github.com/sponsors/antfu"
      },
      "peerDependencies": {
        "astro": "^1.6.0 || ^2.0.0 || ^3.0.0 || ^4.0.0",
        "vite-plugin-pwa": ">=0.17.3 <1"
      }
    },
    "../../node_modules/.pnpm/animejs@3.2.2/node_modules/animejs": {
      "version": "3.2.2",
      "license": "MIT",
      "devDependencies": {
        "gzip-size": "^4.1.0",
        "pretty-bytes": "^4.0.2",
        "rollup": "^0.53.2",
        "rollup-plugin-buble": "^0.18.0",
        "uglify-js": "^3.3.4"
      }
    },
    "../../node_modules/.pnpm/astro@4.0.7_typescript@5.3.3/node_modules/astro": {
      "version": "4.0.7",
      "license": "MIT",
      "dependencies": {
        "@astrojs/compiler": "^2.3.4",
        "@astrojs/internal-helpers": "0.2.1",
        "@astrojs/markdown-remark": "4.0.1",
        "@astrojs/telemetry": "3.0.4",
        "@babel/core": "^7.23.3",
        "@babel/generator": "^7.23.3",
        "@babel/parser": "^7.23.3",
        "@babel/plugin-transform-react-jsx": "^7.22.5",
        "@babel/traverse": "^7.23.3",
        "@babel/types": "^7.23.3",
        "@types/babel__core": "^7.20.4",
        "acorn": "^8.11.2",
        "boxen": "^7.1.1",
        "chokidar": "^3.5.3",
        "ci-info": "^4.0.0",
        "clsx": "^2.0.0",
        "common-ancestor-path": "^1.0.1",
        "cookie": "^0.6.0",
        "debug": "^4.3.4",
        "deterministic-object-hash": "^2.0.1",
        "devalue": "^4.3.2",
        "diff": "^5.1.0",
        "dlv": "^1.1.3",
        "dset": "^3.1.3",
        "es-module-lexer": "^1.4.1",
        "esbuild": "^0.19.6",
        "estree-walker": "^3.0.3",
        "execa": "^8.0.1",
        "fast-glob": "^3.3.2",
        "flattie": "^1.1.0",
        "github-slugger": "^2.0.0",
        "gray-matter": "^4.0.3",
        "html-escaper": "^3.0.3",
        "http-cache-semantics": "^4.1.1",
        "js-yaml": "^4.1.0",
        "kleur": "^4.1.4",
        "magic-string": "^0.30.3",
        "mdast-util-to-hast": "13.0.2",
        "mime": "^3.0.0",
        "ora": "^7.0.1",
        "p-limit": "^5.0.0",
        "p-queue": "^8.0.1",
        "path-to-regexp": "^6.2.1",
        "preferred-pm": "^3.1.2",
        "probe-image-size": "^7.2.3",
        "prompts": "^2.4.2",
        "rehype": "^13.0.1",
        "resolve": "^1.22.4",
        "semver": "^7.5.4",
        "server-destroy": "^1.0.1",
        "shikiji": "^0.6.13",
        "string-width": "^7.0.0",
        "strip-ansi": "^7.1.0",
        "tsconfck": "^3.0.0",
        "unist-util-visit": "^5.0.0",
        "vfile": "^6.0.1",
        "vite": "^5.0.10",
        "vitefu": "^0.2.5",
        "which-pm": "^2.1.1",
        "yargs-parser": "^21.1.1",
        "zod": "^3.22.4"
      },
      "bin": {
        "astro": "astro.js"
      },
      "devDependencies": {
        "@astrojs/check": "^0.3.1",
        "@playwright/test": "1.40.0",
        "@types/babel__generator": "^7.6.7",
        "@types/babel__traverse": "^7.20.4",
        "@types/chai": "^4.3.10",
        "@types/common-ancestor-path": "^1.0.2",
        "@types/connect": "^3.4.38",
        "@types/cookie": "^0.5.4",
        "@types/debug": "^4.1.12",
        "@types/diff": "^5.0.8",
        "@types/dlv": "^1.1.4",
        "@types/dom-view-transitions": "^1.0.4",
        "@types/estree": "^1.0.5",
        "@types/hast": "^3.0.3",
        "@types/html-escaper": "^3.0.2",
        "@types/http-cache-semantics": "^4.0.4",
        "@types/js-yaml": "^4.0.9",
        "@types/mime": "^3.0.4",
        "@types/mocha": "^10.0.4",
        "@types/probe-image-size": "^7.2.3",
        "@types/prompts": "^2.4.8",
        "@types/resolve": "^1.20.5",
        "@types/semver": "^7.5.2",
        "@types/send": "^0.17.4",
        "@types/server-destroy": "^1.0.3",
        "@types/unist": "^3.0.2",
        "@types/yargs-parser": "^21.0.3",
        "astro-scripts": "0.0.14",
        "chai": "^4.3.7",
        "cheerio": "1.0.0-rc.12",
        "eol": "^0.9.1",
        "memfs": "^4.6.0",
        "mocha": "^10.2.0",
        "node-mocks-http": "^1.13.0",
        "parse-srcset": "^1.0.2",
        "rehype-autolink-headings": "^7.1.0",
        "rehype-slug": "^6.0.0",
        "rehype-toc": "^3.0.2",
        "remark-code-titles": "^0.1.2",
        "rollup": "^4.5.0",
        "sass": "^1.69.5",
        "srcset-parse": "^1.1.0",
        "unified": "^11.0.4"
      },
      "engines": {
        "node": ">=18.14.1",
        "npm": ">=6.14.0"
      },
      "optionalDependencies": {
        "sharp": "^0.32.5"
      }
    },
    "../../node_modules/.pnpm/daisyui@4.4.23_postcss@8.4.32/node_modules/daisyui": {
      "version": "4.4.23",
      "dev": true,
      "license": "MIT",
      "dependencies": {
        "css-selector-tokenizer": "^0.8",
        "culori": "^3",
        "picocolors": "^1",
        "postcss-js": "^4"
      },
      "devDependencies": {
        "autoprefixer": "^10.4.16",
        "commit-and-tag-version": "^12.0.0",
        "postcss-cli": "10.1.0",
        "postcss-import": "15.1.0",
        "prejss-cli": "0.3.3",
        "prettier": "^3.1.0",
        "prettier-plugin-svelte": "^3.1.0",
        "prettier-plugin-tailwindcss": "^0.5.7",
        "tailwindcss": "^3.3.5"
      },
      "engines": {
        "node": ">=16.9.0"
      },
      "funding": {
        "type": "opencollective",
        "url": "https://opencollective.com/daisyui"
      }
    },
    "../../node_modules/.pnpm/nanostores@0.9.5/node_modules/nanostores": {
      "version": "0.9.5",
      "funding": [
        {
          "type": "github",
          "url": "https://github.com/sponsors/ai"
        }
      ],
      "license": "MIT",
      "engines": {
        "node": "^16.0.0 || ^18.0.0 || >=20.0.0"
      }
    },
    "../../node_modules/.pnpm/solid-js@1.8.7/node_modules/solid-js": {
      "version": "1.8.7",
      "license": "MIT",
      "dependencies": {
        "csstype": "^3.1.0",
        "seroval": "^0.15.1"
      }
    },
    "../../node_modules/.pnpm/tailwindcss@3.4.0/node_modules/tailwindcss": {
      "version": "3.4.0",
      "dev": true,
      "license": "MIT",
      "dependencies": {
        "@alloc/quick-lru": "^5.2.0",
        "arg": "^5.0.2",
        "chokidar": "^3.5.3",
        "didyoumean": "^1.2.2",
        "dlv": "^1.1.3",
        "fast-glob": "^3.3.0",
        "glob-parent": "^6.0.2",
        "is-glob": "^4.0.3",
        "jiti": "^1.19.1",
        "lilconfig": "^2.1.0",
        "micromatch": "^4.0.5",
        "normalize-path": "^3.0.0",
        "object-hash": "^3.0.0",
        "picocolors": "^1.0.0",
        "postcss": "^8.4.23",
        "postcss-import": "^15.1.0",
        "postcss-js": "^4.0.1",
        "postcss-load-config": "^4.0.1",
        "postcss-nested": "^6.0.1",
        "postcss-selector-parser": "^6.0.11",
        "resolve": "^1.22.2",
        "sucrase": "^3.32.0"
      },
      "bin": {
        "tailwind": "lib/cli.js",
        "tailwindcss": "lib/cli.js"
      },
      "devDependencies": {
        "@swc/cli": "^0.1.62",
        "@swc/core": "^1.3.55",
        "@swc/jest": "^0.2.26",
        "@swc/register": "^0.1.10",
        "autoprefixer": "^10.4.14",
        "browserslist": "^4.21.5",
        "concurrently": "^8.0.1",
        "cssnano": "^6.0.0",
        "esbuild": "^0.17.18",
        "eslint": "^8.39.0",
        "eslint-config-prettier": "^8.8.0",
        "eslint-plugin-prettier": "^4.2.1",
        "jest": "^29.6.0",
        "jest-diff": "^29.6.0",
        "lightningcss": "1.18.0",
        "prettier": "^2.8.8",
        "rimraf": "^5.0.0",
        "source-map-js": "^1.0.2",
        "turbo": "^1.9.3"
      },
      "engines": {
        "node": ">=14.0.0"
      }
    },
    "../../node_modules/.pnpm/typescript@5.3.3/node_modules/typescript": {
      "version": "5.3.3",
      "dev": true,
      "license": "Apache-2.0",
      "bin": {
        "tsc": "bin/tsc",
        "tsserver": "bin/tsserver"
      },
      "devDependencies": {
        "@esfx/canceltoken": "^1.0.0",
        "@octokit/rest": "^19.0.13",
        "@types/chai": "^4.3.4",
        "@types/glob": "^8.1.0",
        "@types/microsoft__typescript-etw": "^0.1.1",
        "@types/minimist": "^1.2.2",
        "@types/mocha": "^10.0.1",
        "@types/ms": "^0.7.31",
        "@types/node": "latest",
        "@types/source-map-support": "^0.5.6",
        "@types/which": "^2.0.1",
        "@typescript-eslint/eslint-plugin": "^6.0.0",
        "@typescript-eslint/parser": "^6.0.0",
        "@typescript-eslint/utils": "^6.0.0",
        "azure-devops-node-api": "^12.0.0",
        "c8": "^7.14.0",
        "chai": "^4.3.7",
        "chalk": "^4.1.2",
        "chokidar": "^3.5.3",
        "diff": "^5.1.0",
        "dprint": "^0.42.3",
        "esbuild": "^0.19.0",
        "eslint": "^8.22.0",
        "eslint-formatter-autolinkable-stylish": "^1.2.0",
        "eslint-plugin-local": "^1.0.0",
        "eslint-plugin-no-null": "^1.0.2",
        "eslint-plugin-simple-import-sort": "^10.0.0",
        "fast-xml-parser": "^4.0.11",
        "glob": "^8.1.0",
        "hereby": "^1.6.4",
        "jsonc-parser": "^3.2.0",
        "minimist": "^1.2.8",
        "mocha": "^10.2.0",
        "mocha-fivemat-progress-reporter": "^0.1.0",
        "ms": "^2.1.3",
        "node-fetch": "^3.2.10",
        "playwright": "^1.38.0",
        "source-map-support": "^0.5.21",
        "tslib": "^2.5.0",
        "typescript": "^5.0.2",
        "which": "^2.0.2"
      },
      "engines": {
        "node": ">=14.17"
      }
    },
    "../../node_modules/.pnpm/vite-plugin-pwa@0.17.4_vite@5.0.10_workbox-build@7.0.0_workbox-window@7.0.0/node_modules/vite-plugin-pwa": {
      "version": "0.17.4",
      "dev": true,
      "license": "MIT",
      "dependencies": {
        "debug": "^4.3.4",
        "fast-glob": "^3.3.2",
        "pretty-bytes": "^6.1.1",
        "workbox-build": "^7.0.0",
        "workbox-window": "^7.0.0"
      },
      "devDependencies": {
        "@antfu/eslint-config": "^2.0.0",
        "@antfu/ni": "^0.21.9",
        "@playwright/test": "^1.40.0",
        "@types/debug": "^4.1.12",
        "@types/node": "^18.17.14",
        "@types/prompts": "^2.4.8",
        "@types/react": "^18.2.21",
        "@typescript-eslint/eslint-plugin": "^6.11.0",
        "bumpp": "^9.2.0",
        "eslint": "^8.54.0",
        "esno": "0.17.0",
        "kolorist": "^1.8.0",
        "preact": "^10.19.2",
        "prompts": "^2.4.2",
        "publint": "^0.2.5",
        "react": "^18.2.0",
        "rollup": "^4.4.1",
        "solid-js": "^1.8.5",
        "svelte": "^4.2.5",
        "tsup": "^7.3.0",
        "typescript": "^5.2.2",
        "vite": "^5.0.0",
        "vitest": "1.0.0-beta.4",
        "vue": "^3.3.8"
      },
      "engines": {
        "node": ">=16.0.0"
      },
      "funding": {
        "url": "https://github.com/sponsors/antfu"
      },
      "peerDependencies": {
        "vite": "^3.1.0 || ^4.0.0 || ^5.0.0",
        "workbox-build": "^7.0.0",
        "workbox-window": "^7.0.0"
      }
    },
    "../../node_modules/.pnpm/workbox-window@7.0.0/node_modules/workbox-window": {
      "version": "7.0.0",
      "dev": true,
      "license": "MIT",
      "dependencies": {
        "@types/trusted-types": "^2.0.2",
        "workbox-core": "7.0.0"
      }
    },
    "node_modules/@astrojs/check": {
      "resolved": "../../node_modules/.pnpm/@astrojs+check@0.3.4_prettier@3.1.0_typescript@5.3.3/node_modules/@astrojs/check",
      "link": true
    },
    "node_modules/@astrojs/solid-js": {
      "resolved": "../../node_modules/.pnpm/@astrojs+solid-js@3.0.2_solid-js@1.8.7_vite@5.0.10/node_modules/@astrojs/solid-js",
      "link": true
    },
    "node_modules/@astrojs/tailwind": {
      "resolved": "../../node_modules/.pnpm/@astrojs+tailwind@5.0.4_astro@4.0.7_tailwindcss@3.4.0/node_modules/@astrojs/tailwind",
      "link": true
    },
    "node_modules/@nanostores/persistent": {
      "resolved": "../../node_modules/.pnpm/@nanostores+persistent@0.9.1_nanostores@0.9.5/node_modules/@nanostores/persistent",
      "link": true
    },
    "node_modules/@types/animejs": {
      "version": "3.1.12",
      "resolved": "https://registry.npmmirror.com/@types/animejs/-/animejs-3.1.12.tgz",
      "integrity": "sha512-fpdH+ZtlO0kqjTOqRaBdsEmvpRNOayI8k4EVkEtitL5l6wducDOXk0rgQgfZqWf/ZX9DzXrHf257S5i9xTcISQ=="
    },
    "node_modules/@vite-pwa/assets-generator": {
      "resolved": "../../node_modules/.pnpm/@vite-pwa+assets-generator@0.1.0/node_modules/@vite-pwa/assets-generator",
      "link": true
    },
    "node_modules/@vite-pwa/astro": {
      "resolved": "../../node_modules/.pnpm/@vite-pwa+astro@0.2.0_astro@4.0.7_vite-plugin-pwa@0.17.4/node_modules/@vite-pwa/astro",
      "link": true
    },
    "node_modules/animejs": {
      "resolved": "../../node_modules/.pnpm/animejs@3.2.2/node_modules/animejs",
      "link": true
    },
    "node_modules/astro": {
      "resolved": "../../node_modules/.pnpm/astro@4.0.7_typescript@5.3.3/node_modules/astro",
      "link": true
    },
    "node_modules/daisyui": {
      "resolved": "../../node_modules/.pnpm/daisyui@4.4.23_postcss@8.4.32/node_modules/daisyui",
      "link": true
    },
    "node_modules/nanostores": {
      "resolved": "../../node_modules/.pnpm/nanostores@0.9.5/node_modules/nanostores",
      "link": true
    },
    "node_modules/solid-js": {
      "resolved": "../../node_modules/.pnpm/solid-js@1.8.7/node_modules/solid-js",
      "link": true
    },
    "node_modules/tailwindcss": {
      "resolved": "../../node_modules/.pnpm/tailwindcss@3.4.0/node_modules/tailwindcss",
      "link": true
    },
    "node_modules/typescript": {
      "resolved": "../../node_modules/.pnpm/typescript@5.3.3/node_modules/typescript",
      "link": true
    },
    "node_modules/vite-plugin-pwa": {
      "resolved": "../../node_modules/.pnpm/vite-plugin-pwa@0.17.4_vite@5.0.10_workbox-build@7.0.0_workbox-window@7.0.0/node_modules/vite-plugin-pwa",
      "link": true
    },
    "node_modules/workbox-window": {
      "resolved": "../../node_modules/.pnpm/workbox-window@7.0.0/node_modules/workbox-window",
      "link": true
    }
  }
}
